Microsoft Visual Studio Solution File, Format Version 12.00
# Visual Studio Version 17
VisualStudioVersion = 17.5.2.0
MinimumVisualStudioVersion = 10.0.40219.1
Project("{2150E333-8FDC-42A3-9474-1A3956D46DE8}") = "azmcp-obo-template", "azmcp-obo-template", "{5D3BFDB0-3D2C-6135-EBD0-E3607D9EE1FB}"
EndProject
Project("{2150E333-8FDC-42A3-9474-1A3956D46DE8}") = "client", "client", "{EB5B0145-4C74-2D29-27CB-E1A754223BF7}"
EndProject
Project("{FAE04EC0-301F-11D3-BF4B-00C04F79EFBC}") = "McpClient", "azmcp-obo-template\client\McpClient.csproj", "{A3421745-244B-DB0B-05BD-9E801F4DAF5C}"
EndProject
Global
	GlobalSection(SolutionConfigurationPlatforms) = preSolution
		Debug|Any CPU = Debug|Any CPU
		Release|Any CPU = Release|Any CPU
	EndGlobalSection
	GlobalSection(ProjectConfigurationPlatforms) = postSolution
		{A3421745-244B-DB0B-05BD-9E801F4DAF5C}.Debug|Any CPU.ActiveCfg = Debug|Any CPU
		{A3421745-244B-DB0B-05BD-9E801F4DAF5C}.Debug|Any CPU.Build.0 = Debug|Any CPU
		{A3421745-244B-DB0B-05BD-9E801F4DAF5C}.Release|Any CPU.ActiveCfg = Release|Any CPU
		{A3421745-244B-DB0B-05BD-9E801F4DAF5C}.Release|Any CPU.Build.0 = Release|Any CPU
	EndGlobalSection
	GlobalSection(SolutionProperties) = preSolution
		HideSolutionNode = FALSE
	EndGlobalSection
	GlobalSection(NestedProjects) = preSolution
		{EB5B0145-4C74-2D29-27CB-E1A754223BF7} = {5D3BFDB0-3D2C-6135-EBD0-E3607D9EE1FB}
		{A3421745-244B-DB0B-05BD-9E801F4DAF5C} = {EB5B0145-4C74-2D29-27CB-E1A754223BF7}
	EndGlobalSection
	GlobalSection(ExtensibilityGlobals) = postSolution
		SolutionGuid = {F15C790E-315A-406B-A6D2-1ABD6D772ED3}
	EndGlobalSection
EndGlobal
